
Microsoft Visual Studio Solution File, Format Version 12.00
# Visual Studio Version 17
VisualStudioVersion = 17.8.34525.116
MinimumVisualStudioVersion = 10.0.40219.1
Project("{FAE04EC0-301F-11D3-BF4B-00C04F79EFBC}") = "CoolWebsite", "CoolWebsite\CoolWebsite.csproj", "{ADE76FEE-DFAA-4C09-9EA2-809B354A4CAD}"
EndProject
Global
	GlobalSection(SolutionConfigurationPlatforms) = preSolution
		Debug|Any CPU = Debug|Any CPU
		Release|Any CPU = Release|Any CPU
	EndGlobalSection
	GlobalSection(ProjectConfigurationPlatforms) = postSolution
		{ADE76FEE-DFAA-4C09-9EA2-809B354A4CAD}.Debug|Any CPU.ActiveCfg = Debug|Any CPU
		{ADE76FEE-DFAA-4C09-9EA2-809B354A4CAD}.Debug|Any CPU.Build.0 = Debug|Any CPU
		{ADE76FEE-DFAA-4C09-9EA2-809B354A4CAD}.Release|Any CPU.ActiveCfg = Release|Any CPU
		{ADE76FEE-DFAA-4C09-9EA2-809B354A4CAD}.Release|Any CPU.Build.0 = Release|Any CPU
	EndGlobalSection
	GlobalSection(SolutionProperties) = preSolution
		HideSolutionNode = FALSE
	EndGlobalSection
	GlobalSection(ExtensibilityGlobals) = postSolution
		SolutionGuid = {2DCAC181-D02B-4587-986E-BBBADFBF6B5E}
	EndGlobalSection
EndGlobal
